dependencies:
- name: mysql
  repository: file://./charts/mysql
  version: 0.2.1
- name: hdfs
  repository: file://./charts/hdfs
  version: 0.2.1
- name: yarn
  repository: file://./charts/yarn
  version: 0.2.1
- name: hive
  repository: file://./charts/hive
  version: 0.2.1
digest: sha256:55b8e3f67069d5f2f9e907acbfa3d4fd5d07c267c2930793dead71287f101a8e
generated: "2025-12-07T08:30:15.831812961Z"
