dependencies:
- name: postgresql
  repository: https://raw.githubusercontent.com/bitnami/charts/archive-full-index/bitnami
  version: 10.3.18
- name: zookeeper
  repository: https://raw.githubusercontent.com/bitnami/charts/archive-full-index/bitnami
  version: 11.4.11
- name: mysql
  repository: https://raw.githubusercontent.com/bitnami/charts/archive-full-index/bitnami
  version: 9.4.1
- name: minio
  repository: https://raw.githubusercontent.com/bitnami/charts/archive-full-index/bitnami
  version: 11.10.13
digest: sha256:184361794d2ad34504a5fe0099fa2ed810cd0e0de1155166b80d2177ea19b111
generated: "2025-12-12T05:25:54.702041036Z"
